{
  "name": "storybook-mcp",
  "version": "0.1.0",
  "lockfileVersion": 3,
  "requires": true,
  "packages": {
    "": {
      "name": "storybook-mcp",
      "version": "0.1.0",
      "dependencies": {
        "@storybook/mcp": "10.6.0"
      },
      "devDependencies": {
        "@types/node": "^22.20.4",
        "typescript": "~5.9.3"
      },
      "engines": {
        "node": ">=22"
      }
    },
    "node_modules/@standard-schema/spec": {
      "version": "1.1.0",
      "resolved": "https://registry.npmjs.org/@standard-schema/spec/-/spec-1.1.0.tgz",
      "integrity": "sha512-l2aFy5jALhniG5HgqrD6jXLi/rUWrKvqN/qJx6yoJsgKhblVd+iqqU4RCXavm/jPityDo5TCvKMnpjKnOriy0w==",
      "license": "MIT"
    },
    "node_modules/@storybook/mcp": {
      "version": "10.6.0",
      "resolved": "https://registry.npmjs.org/@storybook/mcp/-/mcp-10.6.0.tgz",
      "integrity": "sha512-TXcZkE8NxtFKl8dgRbAf/aOLlBqNffzAi9WVX5A6OoESAmyAuEzGslnRdHMcOwTtzxkcFFQLIzPOK7HStBQ3/Q==",
      "license": "MIT",
      "dependencies": {
        "@tmcp/adapter-valibot": "^0.1.5",
        "@tmcp/transport-http": "^0.8.5",
        "tmcp": "^1.19.4",
        "valibot": "^1.4.0"
      },
      "funding": {
        "type": "opencollective",
        "url": "https://opencollective.com/storybook"
      }
    },
    "node_modules/@tmcp/adapter-valibot": {
      "version": "0.1.6",
      "resolved": "https://registry.npmjs.org/@tmcp/adapter-valibot/-/adapter-valibot-0.1.6.tgz",
      "integrity": "sha512-drirZeNinhYLiRSMksN+m//u0ImFxtGRk1Vp425Xp/7CbBXFQdjAG+f7grssyHAukbVTGzmWsMMP6ejrGVErUA==",
      "license": "MIT",
      "dependencies": {
        "@standard-schema/spec": "^1.0.0",
        "@valibot/to-json-schema": "^1.3.0",
        "valibot": "^1.1.0"
      },
      "peerDependencies": {
        "tmcp": "^1.17.0",
        "valibot": "^1.1.0"
      }
    },
    "node_modules/@tmcp/session-manager": {
      "version": "0.2.2",
      "resolved": "https://registry.npmjs.org/@tmcp/session-manager/-/session-manager-0.2.2.tgz",
      "integrity": "sha512-UrCRpTsxh5XnMbplspvftEYboiZWgAiXqqAUbyFTHoHMJ0LoNDy8bQd0+7qtxtT4S5Qsnv650gvs/Nbec5NTCQ==",
      "license": "MIT",
      "peerDependencies": {
        "tmcp": "^1.16.3"
      }
    },
    "node_modules/@tmcp/transport-http": {
      "version": "0.8.6",
      "resolved": "https://registry.npmjs.org/@tmcp/transport-http/-/transport-http-0.8.6.tgz",
      "integrity": "sha512-iLcxu+tEMbkVHbhFfyXQhxfPDDTfm+F0kEw8Xg/a1rm29s4cBg1vwcpbtk02XTxsdDh8RJ1AZkQwF9WDGeb/IA==",
      "license": "MIT",
      "dependencies": {
        "@tmcp/session-manager": "^0.2.2",
        "esm-env": "^1.2.2"
      },
      "peerDependencies": {
        "@tmcp/auth": "^0.3.3 || ^0.4.0",
        "tmcp": "^1.18.0"
      },
      "peerDependenciesMeta": {
        "@tmcp/auth": {
          "optional": true
        }
      }
    },
    "node_modules/@types/node": {
      "version": "22.20.4",
      "resolved": "https://registry.npmjs.org/@types/node/-/node-22.20.4.tgz",
      "integrity": "sha512-zJRE40jpHtKqE/C4fgHrAKQLJuSpzEnP9ff9Y7YtoR3Wd2pwqzlekDeEuUQXjRd+QCYnVnNwuJYmhdk9XV8gvA==",
      "dev": true,
      "license": "MIT",
      "dependencies": {
        "undici-types": "~6.21.0"
      }
    },
    "node_modules/@valibot/to-json-schema": {
      "version": "1.8.0",
      "resolved": "https://registry.npmjs.org/@valibot/to-json-schema/-/to-json-schema-1.8.0.tgz",
      "integrity": "sha512-a0M+uwCuQZEPAo65NYkFSJ14O5c213KoSZmPdoCfuFvUhfULi4T2Z6Tpjv6lTVMW9RoLm74RpRAjNEa43KcN+g==",
      "license": "MIT",
      "peerDependencies": {
        "valibot": "^1.5.0"
      }
    },
    "node_modules/esm-env": {
      "version": "1.2.2",
      "resolved": "https://registry.npmjs.org/esm-env/-/esm-env-1.2.2.tgz",
      "integrity": "sha512-Epxrv+Nr/CaL4ZcFGPJIYLWFom+YeV1DqMLHJoEd9SYRxNbaFruBwfEX/kkHUJf55j2+TUbmDcmuilbP1TmXHA==",
      "license": "MIT"
    },
    "node_modules/json-rpc-2.0": {
      "version": "1.8.1",
      "resolved": "https://registry.npmjs.org/json-rpc-2.0/-/json-rpc-2.0-1.8.1.tgz",
      "integrity": "sha512-BmN42JKn6FI36pcMMzHCXQhpKNEfbeqgSIcUYHKnifq0/4Ey6PDinovwUOgajT7NsgUtpWdDXaCWlpI4LHXN3g==",
      "license": "MIT"
    },
    "node_modules/sqids": {
      "version": "0.3.0",
      "resolved": "https://registry.npmjs.org/sqids/-/sqids-0.3.0.tgz",
      "integrity": "sha512-lOQK1ucVg+W6n3FhRwwSeUijxe93b51Bfz5PMRMihVf1iVkl82ePQG7V5vwrhzB11v0NtsR25PSZRGiSomJaJw==",
      "license": "MIT"
    },
    "node_modules/tmcp": {
      "version": "1.20.0",
      "resolved": "https://registry.npmjs.org/tmcp/-/tmcp-1.20.0.tgz",
      "integrity": "sha512-dcDximKQBGqLP/aEAVA26HcWRHhKipstg1w0fbDDJ0HcFZ6lolLU1YYmStYEn/73f534i7WrDNcjRfRYdV9CoA==",
      "license": "MIT",
      "dependencies": {
        "@standard-schema/spec": "^1.0.0",
        "json-rpc-2.0": "^1.7.1",
        "sqids": "^0.3.0",
        "uri-template-matcher": "^1.1.1",
        "valibot": "^1.1.0"
      }
    },
    "node_modules/typescript": {
      "version": "5.9.3",
      "resolved": "https://registry.npmjs.org/typescript/-/typescript-5.9.3.tgz",
      "integrity": "sha512-jl1vZzPDinLr9eUt3J/t7V6FgNEw9QjvBPdysz9KfQDD41fQrC2Y4vKQdiaUpFT4bXlb1RHhLpp8wtm6M5TgSw==",
      "devOptional": true,
      "license": "Apache-2.0",
      "bin": {
        "tsc": "bin/tsc",
        "tsserver": "bin/tsserver"
      },
      "engines": {
        "node": ">=14.17"
      }
    },
    "node_modules/undici-types": {
      "version": "6.21.0",
      "resolved": "https://registry.npmjs.org/undici-types/-/undici-types-6.21.0.tgz",
      "integrity": "sha512-iwDZqg0QAGrg9Rav5H4n0M64c3mkR59cJ6wQp+7C4nI0gsmExaedaYLNO44eT4AtBBwjbTiGPMlt2Md0T9H9JQ==",
      "dev": true,
      "license": "MIT"
    },
    "node_modules/uri-template-matcher": {
      "version": "1.1.2",
      "resolved": "https://registry.npmjs.org/uri-template-matcher/-/uri-template-matcher-1.1.2.tgz",
      "integrity": "sha512-uZc1h12jdO3m/R77SfTEOuo6VbMhgWznaawKpBjRGSJb7i91x5PgI37NQJtG+Cerxkk0yr1pylBY2qG1kQ+aEQ==",
      "license": "ISC"
    },
    "node_modules/valibot": {
      "version": "1.5.0",
      "resolved": "https://registry.npmjs.org/valibot/-/valibot-1.5.0.tgz",
      "integrity": "sha512-nil6AkP2TChWL43Z5uJ6GTxX01CUA+g8LWUM+N/rB9NBbkUMaUsi9PUNzlUPgoKASgmx9f7eGOYpJ04/fSa6FQ==",
      "license": "MIT",
      "peerDependencies": {
        "typescript": ">=5"
      },
      "peerDependenciesMeta": {
        "typescript": {
          "optional": true
        }
      }
    }
  }
}
